// !$*UTF8*$!
{
	archiveVersion = 1;
	classes = {
	};
	objectVersion = 56;
	objects = {

/* Begin PBXBuildFile section */
		04E52CA82F0D2625363C6DC9 /* awsconfiguration.json in Resources */ = {isa = PBXBuildFile; fileRef = 4C52EE9D3594EB4E5E0EA3AE /* awsconfiguration.json */; };
		07D48756096909C6E0DD8AFB /* Contact.swift in Sources */ = {isa = PBXBuildFile; fileRef = 133504C0F41F81177878DD92 /* Contact.swift */; };
		11AFD30952FDD0D924812BFE /* Period.swift in Sources */ = {isa = PBXBuildFile; fileRef = 2D8655CB171EB23738D4B265 /* Period.swift */; };
		1B1163DC6CCB70EF3A4FEDAF /* Note+Schema.swift in Sources */ = {isa = PBXBuildFile; fileRef = 9778D83C156E246D6DB6D73E /* Note+Schema.swift */; };
		54E93D3DA48D76D35F038902 /* Note.swift in Sources */ = {isa = PBXBuildFile; fileRef = 696CCB6AE203439EFA53A868 /* Note.swift */; };
		69C29A6D85AB4AA49570C3C5 /* amplifyconfiguration.json in Resources */ = {isa = PBXBuildFile; fileRef = AF6710ACC41ABB247E1170F1 /* amplifyconfiguration.json */; };
		6EFDB085750CF9B5686E4729 /* Contact+Schema.swift in Sources */ = {isa = PBXBuildFile; fileRef = 71840DC96238E826ACCD8BAD /* Contact+Schema.swift */; };
		7A2B27D6E3F1DF762626B827 /* Note+Schema.swift in Sources */ = {isa = PBXBuildFile; fileRef = 9778D83C156E246D6DB6D73E /* Note+Schema.swift */; };
		BACF61F6571A161A8EEEC8E9 /* Period.swift in Sources */ = {isa = PBXBuildFile; fileRef = 2D8655CB171EB23738D4B265 /* Period.swift */; };
		C343121BD1329958F84F5910 /* Note.swift in Sources */ = {isa = PBXBuildFile; fileRef = 696CCB6AE203439EFA53A868 /* Note.swift */; };
		C50D8DD761FAAC0DA81F9EA3 /* AmplifyModels.swift in Sources */ = {isa = PBXBuildFile; fileRef = 1DEBA923C1BCA682D97A51F6 /* AmplifyModels.swift */; };
		E83255FF2C062DF50086BE94 /* GettingStartedApp.swift in Sources */ = {isa = PBXBuildFile; fileRef = E83255FE2C062DF50086BE94 /* GettingStartedApp.swift */; };
		E83256032C062DF60086BE94 /* Assets.xcassets in Resources */ = {isa = PBXBuildFile; fileRef = E83256022C062DF60086BE94 /* Assets.xcassets */; };
		E83256062C062DF60086BE94 /* Preview Assets.xcassets in Resources */ = {isa = PBXBuildFile; fileRef = E83256052C062DF60086BE94 /* Preview Assets.xcassets */; };
		E83256102C062DF60086BE94 /* GettingStartedTests.swift in Sources */ = {isa = PBXBuildFile; fileRef = E832560F2C062DF60086BE94 /* GettingStartedTests.swift */; };
		E832561A2C062DF60086BE94 /* GettingStartedUITests.swift in Sources */ = {isa = PBXBuildFile; fileRef = E83256192C062DF60086BE94 /* GettingStartedUITests.swift */; };
		E832561C2C062DF60086BE94 /* GettingStartedUITestsLaunchTests.swift in Sources */ = {isa = PBXBuildFile; fileRef = E832561B2C062DF60086BE94 /* GettingStartedUITestsLaunchTests.swift */; };
		E832562B2C062E670086BE94 /* NoteView.swift in Sources */ = {isa = PBXBuildFile; fileRef = E832562A2C062E670086BE94 /* NoteView.swift */; };
		E832562D2C062EB20086BE94 /* NotesView.swift in Sources */ = {isa = PBXBuildFile; fileRef = E832562C2C062EB20086BE94 /* NotesView.swift */; };
		E83256302C0668400086BE94 /* Amplify in Frameworks */ = {isa = PBXBuildFile; productRef = E832562F2C0668400086BE94 /* Amplify */; };
		E83256332C066D8C0086BE94 /* AWSCognitoAuthPlugin in Frameworks */ = {isa = PBXBuildFile; productRef = E83256322C066D8C0086BE94 /* AWSCognitoAuthPlugin */; };
		E83256362C066DFB0086BE94 /* AuthenticationService.swift in Sources */ = {isa = PBXBuildFile; fileRef = E83256352C066DFB0086BE94 /* AuthenticationService.swift */; };
		E83256382C066E490086BE94 /* LandingView.swift in Sources */ = {isa = PBXBuildFile; fileRef = E83256372C066E490086BE94 /* LandingView.swift */; };
		E832563A2C0674330086BE94 /* AWSAPIPlugin in Frameworks */ = {isa = PBXBuildFile; productRef = E83256392C0674330086BE94 /* AWSAPIPlugin */; };
		E832563C2C0674C00086BE94 /* NotesService.swift in Sources */ = {isa = PBXBuildFile; fileRef = E832563B2C0674C00086BE94 /* NotesService.swift */; };
		E832563E2C06759F0086BE94 /* SaveNoteView.swift in Sources */ = {isa = PBXBuildFile; fileRef = E832563D2C06759F0086BE94 /* SaveNoteView.swift */; };
		E83256402C0677C30086BE94 /* AWSS3StoragePlugin in Frameworks */ = {isa = PBXBuildFile; productRef = E832563F2C0677C30086BE94 /* AWSS3StoragePlugin */; };
		E83256422C0677FC0086BE94 /* StorageService.swift in Sources */ = {isa = PBXBuildFile; fileRef = E83256412C0677FC0086BE94 /* StorageService.swift */; };
		E83256442C06786E0086BE94 /* RemoteImage.swift in Sources */ = {isa = PBXBuildFile; fileRef = E83256432C06786E0086BE94 /* RemoteImage.swift */; };
		E83256462C0679150086BE94 /* PicturePicker.swift in Sources */ = {isa = PBXBuildFile; fileRef = E83256452C0679150086BE94 /* PicturePicker.swift */; };
		E8B94A692C0D01030068598C /* UNUserNotificationCenterDelegate.swift in Sources */ = {isa = PBXBuildFile; fileRef = E8B94A682C0D01030068598C /* UNUserNotificationCenterDelegate.swift */; };
		E8B94A6B2C0D02A90068598C /* NotificationService.swift in Sources */ = {isa = PBXBuildFile; fileRef = E8B94A6A2C0D02A90068598C /* NotificationService.swift */; };
		E8B94A6D2C0D0F5F0068598C /* ContactsService.swift in Sources */ = {isa = PBXBuildFile; fileRef = E8B94A6C2C0D0F5F0068598C /* ContactsService.swift */; };
		E8B94A6F2C0D10AE0068598C /* SaveContactView.swift in Sources */ = {isa = PBXBuildFile; fileRef = E8B94A6E2C0D10AE0068598C /* SaveContactView.swift */; };
		E8B94A712C0D12A50068598C /* ContactsView.swift in Sources */ = {isa = PBXBuildFile; fileRef = E8B94A702C0D12A50068598C /* ContactsView.swift */; };
		E8B94A752C0D133D0068598C /* ContactView.swift in Sources */ = {isa = PBXBuildFile; fileRef = E8B94A742C0D133D0068598C /* ContactView.swift */; };
/* End PBXBuildFile section */

/* Begin PBXContainerItemProxy section */
		E832560C2C062DF60086BE94 /* PBXContainerItemProxy */ = {
			isa = PBXContainerItemProxy;
			containerPortal = E83255F32C062DF50086BE94 /* Project object */;
			proxyType = 1;
			remoteGlobalIDString = E83255FA2C062DF50086BE94;
			remoteInfo = GettingStarted;
		};
		E83256162C062DF60086BE94 /* PBXContainerItemProxy */ = {
			isa = PBXContainerItemProxy;
			containerPortal = E83255F32C062DF50086BE94 /* Project object */;
			proxyType = 1;
			remoteGlobalIDString = E83255FA2C062DF50086BE94;
			remoteInfo = GettingStarted;
		};
/* End PBXContainerItemProxy section */

/* Begin PBXFileReference section */
		133504C0F41F81177878DD92 /* Contact.swift */ = {isa = PBXFileReference; explicitFileType = sourcecode.swift; name = Contact.swift; path = amplify/generated/models/Contact.swift; sourceTree = "<group>"; };
		1DEBA923C1BCA682D97A51F6 /* AmplifyModels.swift */ = {isa = PBXFileReference; explicitFileType = sourcecode.swift; name = AmplifyModels.swift; path = amplify/generated/models/AmplifyModels.swift; sourceTree = "<group>"; };
		2D8655CB171EB23738D4B265 /* Period.swift */ = {isa = PBXFileReference; explicitFileType = sourcecode.swift; name = Period.swift; path = amplify/generated/models/Period.swift; sourceTree = "<group>"; };
		4C52EE9D3594EB4E5E0EA3AE /* awsconfiguration.json */ = {isa = PBXFileReference; explicitFileType = text.json; path = awsconfiguration.json; sourceTree = "<group>"; };
		696CCB6AE203439EFA53A868 /* Note.swift */ = {isa = PBXFileReference; explicitFileType = sourcecode.swift; name = Note.swift; path = amplify/generated/models/Note.swift; sourceTree = "<group>"; };
		71840DC96238E826ACCD8BAD /* Contact+Schema.swift */ = {isa = PBXFileReference; explicitFileType = sourcecode.swift; name = "Contact+Schema.swift"; path = "amplify/generated/models/Contact+Schema.swift"; sourceTree = "<group>"; };
		9778D83C156E246D6DB6D73E /* Note+Schema.swift */ = {isa = PBXFileReference; explicitFileType = sourcecode.swift; name = "Note+Schema.swift"; path = "amplify/generated/models/Note+Schema.swift"; sourceTree = "<group>"; };
		AF6710ACC41ABB247E1170F1 /* amplifyconfiguration.json */ = {isa = PBXFileReference; explicitFileType = text.json; path = amplifyconfiguration.json; sourceTree = "<group>"; };
		E83255FB2C062DF50086BE94 /* GettingStarted.app */ = {isa = PBXFileReference; explicitFileType = wrapper.application; includeInIndex = 0; path = GettingStarted.app; sourceTree = BUILT_PRODUCTS_DIR; };
		E83255FE2C062DF50086BE94 /* GettingStartedApp.swift */ = {isa = PBXFileReference; lastKnownFileType = sourcecode.swift; path = GettingStartedApp.swift; sourceTree = "<group>"; };
		E83256022C062DF60086BE94 /* Assets.xcassets */ = {isa = PBXFileReference; lastKnownFileType = folder.assetcatalog; path = Assets.xcassets; sourceTree = "<group>"; };
		E83256052C062DF60086BE94 /* Preview Assets.xcassets */ = {isa = PBXFileReference; lastKnownFileType = folder.assetcatalog; path = "Preview Assets.xcassets"; sourceTree = "<group>"; };
		E832560B2C062DF60086BE94 /* GettingStartedTests.xctest */ = {isa = PBXFileReference; explicitFileType = wrapper.cfbundle; includeInIndex = 0; path = GettingStartedTests.xctest; sourceTree = BUILT_PRODUCTS_DIR; };
		E832560F2C062DF60086BE94 /* GettingStartedTests.swift */ = {isa = PBXFileReference; lastKnownFileType = sourcecode.swift; path = GettingStartedTests.swift; sourceTree = "<group>"; };
		E83256152C062DF60086BE94 /* GettingStartedUITests.xctest */ = {isa = PBXFileReference; explicitFileType = wrapper.cfbundle; includeInIndex = 0; path = GettingStartedUITests.xctest; sourceTree = BUILT_PRODUCTS_DIR; };
		E83256192C062DF60086BE94 /* GettingStartedUITests.swift */ = {isa = PBXFileReference; lastKnownFileType = sourcecode.swift; path = GettingStartedUITests.swift; sourceTree = "<group>"; };
		E832561B2C062DF60086BE94 /* GettingStartedUITestsLaunchTests.swift */ = {isa = PBXFileReference; lastKnownFileType = sourcecode.swift; path = GettingStartedUITestsLaunchTests.swift; sourceTree = "<group>"; };
		E832562A2C062E670086BE94 /* NoteView.swift */ = {isa = PBXFileReference; lastKnownFileType = sourcecode.swift; path = NoteView.swift; sourceTree = "<group>"; };
		E832562C2C062EB20086BE94 /* NotesView.swift */ = {isa = PBXFileReference; lastKnownFileType = sourcecode.swift; path = NotesView.swift; sourceTree = "<group>"; };
		E83256342C066DA20086BE94 /* Info.plist */ = {isa = PBXFileReference; lastKnownFileType = text.plist; path = Info.plist; sourceTree = "<group>"; };
		E83256352C066DFB0086BE94 /* AuthenticationService.swift */ = {isa = PBXFileReference; lastKnownFileType = sourcecode.swift; path = AuthenticationService.swift; sourceTree = "<group>"; };
		E83256372C066E490086BE94 /* LandingView.swift */ = {isa = PBXFileReference; lastKnownFileType = sourcecode.swift; path = LandingView.swift; sourceTree = "<group>"; };
		E832563B2C0674C00086BE94 /* NotesService.swift */ = {isa = PBXFileReference; lastKnownFileType = sourcecode.swift; path = NotesService.swift; sourceTree = "<group>"; };
		E832563D2C06759F0086BE94 /* SaveNoteView.swift */ = {isa = PBXFileReference; lastKnownFileType = sourcecode.swift; path = SaveNoteView.swift; sourceTree = "<group>"; };
		E83256412C0677FC0086BE94 /* StorageService.swift */ = {isa = PBXFileReference; lastKnownFileType = sourcecode.swift; path = StorageService.swift; sourceTree = "<group>"; };
		E83256432C06786E0086BE94 /* RemoteImage.swift */ = {isa = PBXFileReference; lastKnownFileType = sourcecode.swift; path = RemoteImage.swift; sourceTree = "<group>"; };
		E83256452C0679150086BE94 /* PicturePicker.swift */ = {isa = PBXFileReference; lastKnownFileType = sourcecode.swift; path = PicturePicker.swift; sourceTree = "<group>"; };
		E8B94A682C0D01030068598C /* UNUserNotificationCenterDelegate.swift */ = {isa = PBXFileReference; lastKnownFileType = sourcecode.swift; path = UNUserNotificationCenterDelegate.swift; sourceTree = "<group>"; };
		E8B94A6A2C0D02A90068598C /* NotificationService.swift */ = {isa = PBXFileReference; lastKnownFileType = sourcecode.swift; path = NotificationService.swift; sourceTree = "<group>"; };
		E8B94A6C2C0D0F5F0068598C /* ContactsService.swift */ = {isa = PBXFileReference; lastKnownFileType = sourcecode.swift; path = ContactsService.swift; sourceTree = "<group>"; };
		E8B94A6E2C0D10AE0068598C /* SaveContactView.swift */ = {isa = PBXFileReference; lastKnownFileType = sourcecode.swift; path = SaveContactView.swift; sourceTree = "<group>"; };
		E8B94A702C0D12A50068598C /* ContactsView.swift */ = {isa = PBXFileReference; lastKnownFileType = sourcecode.swift; path = ContactsView.swift; sourceTree = "<group>"; };
		E8B94A742C0D133D0068598C /* ContactView.swift */ = {isa = PBXFileReference; lastKnownFileType = sourcecode.swift; path = ContactView.swift; sourceTree = "<group>"; };
/* End PBXFileReference section */

/* Begin PBXFrameworksBuildPhase section */
		E83255F82C062DF50086BE94 /* Frameworks */ = {
			isa = PBXFrameworksBuildPhase;
			buildActionMask = 2147483647;
			files = (
				E832563A2C0674330086BE94 /* AWSAPIPlugin in Frameworks */,
				E83256302C0668400086BE94 /* Amplify in Frameworks */,
				E83256332C066D8C0086BE94 /* AWSCognitoAuthPlugin in Frameworks */,
				E83256402C0677C30086BE94 /* AWSS3StoragePlugin in Frameworks */,
			);
			runOnlyForDeploymentPostprocessing = 0;
		};
		E83256082C062DF60086BE94 /* Frameworks */ = {
			isa = PBXFrameworksBuildPhase;
			buildActionMask = 2147483647;
			files = (
			);
			runOnlyForDeploymentPostprocessing = 0;
		};
		E83256122C062DF60086BE94 /* Frameworks */ = {
			isa = PBXFrameworksBuildPhase;
			buildActionMask = 2147483647;
			files = (
			);
			runOnlyForDeploymentPostprocessing = 0;
		};
/* End PBXFrameworksBuildPhase section */

/* Begin PBXGroup section */
		B124DB7A2E8B5A3026C9B153 /* AmplifyConfig */ = {
			isa = PBXGroup;
			children = (
				4C52EE9D3594EB4E5E0EA3AE /* awsconfiguration.json */,
				AF6710ACC41ABB247E1170F1 /* amplifyconfiguration.json */,
			);
			name = AmplifyConfig;
			sourceTree = "<group>";
		};
		E83255F22C062DF50086BE94 = {
			isa = PBXGroup;
			children = (
				E83255FD2C062DF50086BE94 /* GettingStarted */,
				E832560E2C062DF60086BE94 /* GettingStartedTests */,
				E83256182C062DF60086BE94 /* GettingStartedUITests */,
				E83255FC2C062DF50086BE94 /* Products */,
				B124DB7A2E8B5A3026C9B153 /* AmplifyConfig */,
				E83256312C066D8C0086BE94 /* Frameworks */,
				F380BA41B0DF283EA2778E3C /* AmplifyModels */,
			);
			sourceTree = "<group>";
		};
		E83255FC2C062DF50086BE94 /* Products */ = {
			isa = PBXGroup;
			children = (
				E83255FB2C062DF50086BE94 /* GettingStarted.app */,
				E832560B2C062DF60086BE94 /* GettingStartedTests.xctest */,
				E83256152C062DF60086BE94 /* GettingStartedUITests.xctest */,
			);
			name = Products;
			sourceTree = "<group>";
		};
		E83255FD2C062DF50086BE94 /* GettingStarted */ = {
			isa = PBXGroup;
			children = (
				E83256342C066DA20086BE94 /* Info.plist */,
				E83255FE2C062DF50086BE94 /* GettingStartedApp.swift */,
				E83256452C0679150086BE94 /* PicturePicker.swift */,
				E832563D2C06759F0086BE94 /* SaveNoteView.swift */,
				E8B94A6E2C0D10AE0068598C /* SaveContactView.swift */,
				E832563B2C0674C00086BE94 /* NotesService.swift */,
				E83256352C066DFB0086BE94 /* AuthenticationService.swift */,
				E83256372C066E490086BE94 /* LandingView.swift */,
				E832562A2C062E670086BE94 /* NoteView.swift */,
				E832562C2C062EB20086BE94 /* NotesView.swift */,
				E8B94A702C0D12A50068598C /* ContactsView.swift */,
				E83256022C062DF60086BE94 /* Assets.xcassets */,
				E83256042C062DF60086BE94 /* Preview Content */,
				E83256412C0677FC0086BE94 /* StorageService.swift */,
				E8B94A742C0D133D0068598C /* ContactView.swift */,
				E83256432C06786E0086BE94 /* RemoteImage.swift */,
				E8B94A682C0D01030068598C /* UNUserNotificationCenterDelegate.swift */,
				E8B94A6A2C0D02A90068598C /* NotificationService.swift */,
				E8B94A6C2C0D0F5F0068598C /* ContactsService.swift */,
			);
			path = GettingStarted;
			sourceTree = "<group>";
		};
		E83256042C062DF60086BE94 /* Preview Content */ = {
			isa = PBXGroup;
			children = (
				E83256052C062DF60086BE94 /* Preview Assets.xcassets */,
			);
			path = "Preview Content";
			sourceTree = "<group>";
		};
		E832560E2C062DF60086BE94 /* GettingStartedTests */ = {
			isa = PBXGroup;
			children = (
				E832560F2C062DF60086BE94 /* GettingStartedTests.swift */,
			);
			path = GettingStartedTests;
			sourceTree = "<group>";
		};
		E83256182C062DF60086BE94 /* GettingStartedUITests */ = {
			isa = PBXGroup;
			children = (
				E83256192C062DF60086BE94 /* GettingStartedUITests.swift */,
				E832561B2C062DF60086BE94 /* GettingStartedUITestsLaunchTests.swift */,
			);
			path = GettingStartedUITests;
			sourceTree = "<group>";
		};
		E83256312C066D8C0086BE94 /* Frameworks */ = {
			isa = PBXGroup;
			children = (
			);
			name = Frameworks;
			sourceTree = "<group>";
		};
		F380BA41B0DF283EA2778E3C /* AmplifyModels */ = {
			isa = PBXGroup;
			children = (
				1DEBA923C1BCA682D97A51F6 /* AmplifyModels.swift */,
				9778D83C156E246D6DB6D73E /* Note+Schema.swift */,
				696CCB6AE203439EFA53A868 /* Note.swift */,
				2D8655CB171EB23738D4B265 /* Period.swift */,
				71840DC96238E826ACCD8BAD /* Contact+Schema.swift */,
				133504C0F41F81177878DD92 /* Contact.swift */,
			);
			name = AmplifyModels;
			sourceTree = "<group>";
		};
/* End PBXGroup section */

/* Begin PBXNativeTarget section */
		E83255FA2C062DF50086BE94 /* GettingStarted */ = {
			isa = PBXNativeTarget;
			buildConfigurationList = E832561F2C062DF60086BE94 /* Build configuration list for PBXNativeTarget "GettingStarted" */;
			buildPhases = (
				E83255F72C062DF50086BE94 /* Sources */,
				E83255F82C062DF50086BE94 /* Frameworks */,
				E83255F92C062DF50086BE94 /* Resources */,
			);
			buildRules = (
			);
			dependencies = (
			);
			name = GettingStarted;
			packageProductDependencies = (
				E832562F2C0668400086BE94 /* Amplify */,
				E83256322C066D8C0086BE94 /* AWSCognitoAuthPlugin */,
				E83256392C0674330086BE94 /* AWSAPIPlugin */,
				E832563F2C0677C30086BE94 /* AWSS3StoragePlugin */,
			);
			productName = GettingStarted;
			productReference = E83255FB2C062DF50086BE94 /* GettingStarted.app */;
			productType = "com.apple.product-type.application";
		};
		E832560A2C062DF60086BE94 /* GettingStartedTests */ = {
			isa = PBXNativeTarget;
			buildConfigurationList = E83256222C062DF60086BE94 /* Build configuration list for PBXNativeTarget "GettingStartedTests" */;
			buildPhases = (
				E83256072C062DF60086BE94 /* Sources */,
				E83256082C062DF60086BE94 /* Frameworks */,
				E83256092C062DF60086BE94 /* Resources */,
			);
			buildRules = (
			);
			dependencies = (
				E832560D2C062DF60086BE94 /* PBXTargetDependency */,
			);
			name = GettingStartedTests;
			productName = GettingStartedTests;
			productReference = E832560B2C062DF60086BE94 /* GettingStartedTests.xctest */;
			productType = "com.apple.product-type.bundle.unit-test";
		};
		E83256142C062DF60086BE94 /* GettingStartedUITests */ = {
			isa = PBXNativeTarget;
			buildConfigurationList = E83256252C062DF60086BE94 /* Build configuration list for PBXNativeTarget "GettingStartedUITests" */;
			buildPhases = (
				E83256112C062DF60086BE94 /* Sources */,
				E83256122C062DF60086BE94 /* Frameworks */,
				E83256132C062DF60086BE94 /* Resources */,
			);
			buildRules = (
			);
			dependencies = (
				E83256172C062DF60086BE94 /* PBXTargetDependency */,
			);
			name = GettingStartedUITests;
			productName = GettingStartedUITests;
			productReference = E83256152C062DF60086BE94 /* GettingStartedUITests.xctest */;
			productType = "com.apple.product-type.bundle.ui-testing";
		};
/* End PBXNativeTarget section */

/* Begin PBXProject section */
		E83255F32C062DF50086BE94 /* Project object */ = {
			isa = PBXProject;
			attributes = {
				BuildIndependentTargetsInParallel = 1;
				LastSwiftUpdateCheck = 1540;
				LastUpgradeCheck = 1540;
				TargetAttributes = {
					E83255FA2C062DF50086BE94 = {
						CreatedOnToolsVersion = 15.4;
					};
					E832560A2C062DF60086BE94 = {
						CreatedOnToolsVersion = 15.4;
						TestTargetID = E83255FA2C062DF50086BE94;
					};
					E83256142C062DF60086BE94 = {
						CreatedOnToolsVersion = 15.4;
						TestTargetID = E83255FA2C062DF50086BE94;
					};
				};
			};
			buildConfigurationList = E83255F62C062DF50086BE94 /* Build configuration list for PBXProject "GettingStarted" */;
			compatibilityVersion = "Xcode 14.0";
			developmentRegion = en;
			hasScannedForEncodings = 0;
			knownRegions = (
				en,
				Base,
			);
			mainGroup = E83255F22C062DF50086BE94;
			packageReferences = (
				E832562E2C0668400086BE94 /* XCRemoteSwiftPackageReference "amplify-swift" */,
			);
			productRefGroup = E83255FC2C062DF50086BE94 /* Products */;
			projectDirPath = "";
			projectRoot = "";
			targets = (
				E83255FA2C062DF50086BE94 /* GettingStarted */,
				E832560A2C062DF60086BE94 /* GettingStartedTests */,
				E83256142C062DF60086BE94 /* GettingStartedUITests */,
			);
		};
/* End PBXProject section */

/* Begin PBXResourcesBuildPhase section */
		E83255F92C062DF50086BE94 /* Resources */ = {
			isa = PBXResourcesBuildPhase;
			buildActionMask = 2147483647;
			files = (
				E83256062C062DF60086BE94 /* Preview Assets.xcassets in Resources */,
				E83256032C062DF60086BE94 /* Assets.xcassets in Resources */,
				04E52CA82F0D2625363C6DC9 /* awsconfiguration.json in Resources */,
				69C29A6D85AB4AA49570C3C5 /* amplifyconfiguration.json in Resources */,
			);
			runOnlyForDeploymentPostprocessing = 0;
		};
		E83256092C062DF60086BE94 /* Resources */ = {
			isa = PBXResourcesBuildPhase;
			buildActionMask = 2147483647;
			files = (
			);
			runOnlyForDeploymentPostprocessing = 0;
		};
		E83256132C062DF60086BE94 /* Resources */ = {
			isa = PBXResourcesBuildPhase;
			buildActionMask = 2147483647;
			files = (
			);
			runOnlyForDeploymentPostprocessing = 0;
		};
/* End PBXResourcesBuildPhase section */

/* Begin PBXSourcesBuildPhase section */
		E83255F72C062DF50086BE94 /* Sources */ = {
			isa = PBXSourcesBuildPhase;
			buildActionMask = 2147483647;
			files = (
				E83256382C066E490086BE94 /* LandingView.swift in Sources */,
				E83255FF2C062DF50086BE94 /* GettingStartedApp.swift in Sources */,
				E832562D2C062EB20086BE94 /* NotesView.swift in Sources */,
				E8B94A752C0D133D0068598C /* ContactView.swift in Sources */,
				E83256442C06786E0086BE94 /* RemoteImage.swift in Sources */,
				E8B94A692C0D01030068598C /* UNUserNotificationCenterDelegate.swift in Sources */,
				E832562B2C062E670086BE94 /* NoteView.swift in Sources */,
				E83256362C066DFB0086BE94 /* AuthenticationService.swift in Sources */,
				C50D8DD761FAAC0DA81F9EA3 /* AmplifyModels.swift in Sources */,
				E8B94A6F2C0D10AE0068598C /* SaveContactView.swift in Sources */,
				E8B94A6D2C0D0F5F0068598C /* ContactsService.swift in Sources */,
				E832563C2C0674C00086BE94 /* NotesService.swift in Sources */,
				E83256462C0679150086BE94 /* PicturePicker.swift in Sources */,
				E832563E2C06759F0086BE94 /* SaveNoteView.swift in Sources */,
				1B1163DC6CCB70EF3A4FEDAF /* Note+Schema.swift in Sources */,
				E83256422C0677FC0086BE94 /* StorageService.swift in Sources */,
				E8B94A712C0D12A50068598C /* ContactsView.swift in Sources */,
				E8B94A6B2C0D02A90068598C /* NotificationService.swift in Sources */,
				C343121BD1329958F84F5910 /* Note.swift in Sources */,
				BACF61F6571A161A8EEEC8E9 /* Period.swift in Sources */,
				6EFDB085750CF9B5686E4729 /* Contact+Schema.swift in Sources */,
				07D48756096909C6E0DD8AFB /* Contact.swift in Sources */,
				7A2B27D6E3F1DF762626B827 /* Note+Schema.swift in Sources */,
				54E93D3DA48D76D35F038902 /* Note.swift in Sources */,
				11AFD30952FDD0D924812BFE /* Period.swift in Sources */,
			);
			runOnlyForDeploymentPostprocessing = 0;
		};
		E83256072C062DF60086BE94 /* Sources */ = {
			isa = PBXSourcesBuildPhase;
			buildActionMask = 2147483647;
			files = (
				E83256102C062DF60086BE94 /* GettingStartedTests.swift in Sources */,
			);
			runOnlyForDeploymentPostprocessing = 0;
		};
		E83256112C062DF60086BE94 /* Sources */ = {
			isa = PBXSourcesBuildPhase;
			buildActionMask = 2147483647;
			files = (
				E832561A2C062DF60086BE94 /* GettingStartedUITests.swift in Sources */,
				E832561C2C062DF60086BE94 /* GettingStartedUITestsLaunchTests.swift in Sources */,
			);
			runOnlyForDeploymentPostprocessing = 0;
		};
/* End PBXSourcesBuildPhase section */

/* Begin PBXTargetDependency section */
		E832560D2C062DF60086BE94 /* PBXTargetDependency */ = {
			isa = PBXTargetDependency;
			target = E83255FA2C062DF50086BE94 /* GettingStarted */;
			targetProxy = E832560C2C062DF60086BE94 /* PBXContainerItemProxy */;
		};
		E83256172C062DF60086BE94 /* PBXTargetDependency */ = {
			isa = PBXTargetDependency;
			target = E83255FA2C062DF50086BE94 /* GettingStarted */;
			targetProxy = E83256162C062DF60086BE94 /* PBXContainerItemProxy */;
		};
/* End PBXTargetDependency section */

/* Begin XCBuildConfiguration section */
		E832561D2C062DF60086BE94 /* Debug */ = {
			isa = XCBuildConfiguration;
			buildSettings = {
				ALWAYS_SEARCH_USER_PATHS = NO;
				ASSETCATALOG_COMPILER_GENERATE_SWIFT_ASSET_SYMBOL_EXTENSIONS = YES;
				CLANG_ANALYZER_NONNULL = YES;
				CLANG_ANALYZER_NUMBER_OBJECT_CONVERSION = YES_AGGRESSIVE;
				CLANG_CXX_LANGUAGE_STANDARD = "gnu++20";
				CLANG_ENABLE_MODULES = YES;
				CLANG_ENABLE_OBJC_ARC = YES;
				CLANG_ENABLE_OBJC_WEAK = YES;
				CLANG_WARN_BLOCK_CAPTURE_AUTORELEASING = YES;
				CLANG_WARN_BOOL_CONVERSION = YES;
				CLANG_WARN_COMMA = YES;
				CLANG_WARN_CONSTANT_CONVERSION = YES;
				CLANG_WARN_DEPRECATED_OBJC_IMPLEMENTATIONS = YES;
				CLANG_WARN_DIRECT_OBJC_ISA_USAGE = YES_ERROR;
				CLANG_WARN_DOCUMENTATION_COMMENTS = YES;
				CLANG_WARN_EMPTY_BODY = YES;
				CLANG_WARN_ENUM_CONVERSION = YES;
				CLANG_WARN_INFINITE_RECURSION = YES;
				CLANG_WARN_INT_CONVERSION = YES;
				CLANG_WARN_NON_LITERAL_NULL_CONVERSION = YES;
				CLANG_WARN_OBJC_IMPLICIT_RETAIN_SELF = YES;
				CLANG_WARN_OBJC_LITERAL_CONVERSION = YES;
				CLANG_WARN_OBJC_ROOT_CLASS = YES_ERROR;
				CLANG_WARN_QUOTED_INCLUDE_IN_FRAMEWORK_HEADER = YES;
				CLANG_WARN_RANGE_LOOP_ANALYSIS = YES;
				CLANG_WARN_STRICT_PROTOTYPES = YES;
				CLANG_WARN_SUSPICIOUS_MOVE = YES;
				CLANG_WARN_UNGUARDED_AVAILABILITY = YES_AGGRESSIVE;
				CLANG_WARN_UNREACHABLE_CODE = YES;
				CLANG_WARN__DUPLICATE_METHOD_MATCH = YES;
				COPY_PHASE_STRIP = NO;
				DEBUG_INFORMATION_FORMAT = dwarf;
				ENABLE_STRICT_OBJC_MSGSEND = YES;
				ENABLE_TESTABILITY = YES;
				ENABLE_USER_SCRIPT_SANDBOXING = YES;
				GCC_C_LANGUAGE_STANDARD = gnu17;
				GCC_DYNAMIC_NO_PIC = NO;
				GCC_NO_COMMON_BLOCKS = YES;
				GCC_OPTIMIZATION_LEVEL = 0;
				GCC_PREPROCESSOR_DEFINITIONS = (
					"DEBUG=1",
					"$(inherited)",
				);
				GCC_WARN_64_TO_32_BIT_CONVERSION = YES;
				GCC_WARN_ABOUT_RETURN_TYPE = YES_ERROR;
				GCC_WARN_UNDECLARED_SELECTOR = YES;
				GCC_WARN_UNINITIALIZED_AUTOS = YES_AGGRESSIVE;
				GCC_WARN_UNUSED_FUNCTION = YES;
				GCC_WARN_UNUSED_VARIABLE = YES;
				IPHONEOS_DEPLOYMENT_TARGET = 17.5;
				LOCALIZATION_PREFERS_STRING_CATALOGS = YES;
				MTL_ENABLE_DEBUG_INFO = INCLUDE_SOURCE;
				MTL_FAST_MATH = YES;
				ONLY_ACTIVE_ARCH = YES;
				SDKROOT = iphoneos;
				SWIFT_ACTIVE_COMPILATION_CONDITIONS = "DEBUG $(inherited)";
				SWIFT_OPTIMIZATION_LEVEL = "-Onone";
			};
			name = Debug;
		};
		E832561E2C062DF60086BE94 /* Release */ = {
			isa = XCBuildConfiguration;
			buildSettings = {
				ALWAYS_SEARCH_USER_PATHS = NO;
				ASSETCATALOG_COMPILER_GENERATE_SWIFT_ASSET_SYMBOL_EXTENSIONS = YES;
				CLANG_ANALYZER_NONNULL = YES;
				CLANG_ANALYZER_NUMBER_OBJECT_CONVERSION = YES_AGGRESSIVE;
				CLANG_CXX_LANGUAGE_STANDARD = "gnu++20";
				CLANG_ENABLE_MODULES = YES;
				CLANG_ENABLE_OBJC_ARC = YES;
				CLANG_ENABLE_OBJC_WEAK = YES;
				CLANG_WARN_BLOCK_CAPTURE_AUTORELEASING = YES;
				CLANG_WARN_BOOL_CONVERSION = YES;
				CLANG_WARN_COMMA = YES;
				CLANG_WARN_CONSTANT_CONVERSION = YES;
				CLANG_WARN_DEPRECATED_OBJC_IMPLEMENTATIONS = YES;
				CLANG_WARN_DIRECT_OBJC_ISA_USAGE = YES_ERROR;
				CLANG_WARN_DOCUMENTATION_COMMENTS = YES;
				CLANG_WARN_EMPTY_BODY = YES;
				CLANG_WARN_ENUM_CONVERSION = YES;
				CLANG_WARN_INFINITE_RECURSION = YES;
				CLANG_WARN_INT_CONVERSION = YES;
				CLANG_WARN_NON_LITERAL_NULL_CONVERSION = YES;
				CLANG_WARN_OBJC_IMPLICIT_RETAIN_SELF = YES;
				CLANG_WARN_OBJC_LITERAL_CONVERSION = YES;
				CLANG_WARN_OBJC_ROOT_CLASS = YES_ERROR;
				CLANG_WARN_QUOTED_INCLUDE_IN_FRAMEWORK_HEADER = YES;
				CLANG_WARN_RANGE_LOOP_ANALYSIS = YES;
				CLANG_WARN_STRICT_PROTOTYPES = YES;
				CLANG_WARN_SUSPICIOUS_MOVE = YES;
				CLANG_WARN_UNGUARDED_AVAILABILITY = YES_AGGRESSIVE;
				CLANG_WARN_UNREACHABLE_CODE = YES;
				CLANG_WARN__DUPLICATE_METHOD_MATCH = YES;
				COPY_PHASE_STRIP = NO;
				DEBUG_INFORMATION_FORMAT = "dwarf-with-dsym";
				ENABLE_NS_ASSERTIONS = NO;
				ENABLE_STRICT_OBJC_MSGSEND = YES;
				ENABLE_USER_SCRIPT_SANDBOXING = YES;
				GCC_C_LANGUAGE_STANDARD = gnu17;
				GCC_NO_COMMON_BLOCKS = YES;
				GCC_WARN_64_TO_32_BIT_CONVERSION = YES;
				GCC_WARN_ABOUT_RETURN_TYPE = YES_ERROR;
				GCC_WARN_UNDECLARED_SELECTOR = YES;
				GCC_WARN_UNINITIALIZED_AUTOS = YES_AGGRESSIVE;
				GCC_WARN_UNUSED_FUNCTION = YES;
				GCC_WARN_UNUSED_VARIABLE = YES;
				IPHONEOS_DEPLOYMENT_TARGET = 17.5;
				LOCALIZATION_PREFERS_STRING_CATALOGS = YES;
				MTL_ENABLE_DEBUG_INFO = NO;
				MTL_FAST_MATH = YES;
				SDKROOT = iphoneos;
				SWIFT_COMPILATION_MODE = wholemodule;
				VALIDATE_PRODUCT = YES;
			};
			name = Release;
		};
		E83256202C062DF60086BE94 /* Debug */ = {
			isa = XCBuildConfiguration;
			buildSettings = {
				ASSETCATALOG_COMPILER_APPICON_NAME = AppIcon;
				ASSETCATALOG_COMPILER_GLOBAL_ACCENT_COLOR_NAME = AccentColor;
				CODE_SIGN_STYLE = Automatic;
				CURRENT_PROJECT_VERSION = 1;
				DEVELOPMENT_ASSET_PATHS = "\"GettingStarted/Preview Content\"";
				DEVELOPMENT_TEAM = WNX8AM96BD;
				ENABLE_PREVIEWS = YES;
				GENERATE_INFOPLIST_FILE = YES;
				INFOPLIST_FILE = GettingStarted/Info.plist;
				INFOPLIST_KEY_UIApplicationSceneManifest_Generation = YES;
				INFOPLIST_KEY_UIApplicationSupportsIndirectInputEvents = YES;
				INFOPLIST_KEY_UILaunchScreen_Generation = YES;
				INFOPLIST_KEY_UISupportedInterfaceOrientations_iPad = "UIInterfaceOrientationPortrait UIInterfaceOrientationPortraitUpsideDown UIInterfaceOrientationLandscapeLeft UIInterfaceOrientationLandscapeRight";
				INFOPLIST_KEY_UISupportedInterfaceOrientations_iPhone = "UIInterfaceOrientationPortrait UIInterfaceOrientationLandscapeLeft UIInterfaceOrientationLandscapeRight";
				LD_RUNPATH_SEARCH_PATHS = (
					"$(inherited)",
					"@executable_path/Frameworks",
				);
				MARKETING_VERSION = 1.0;
				PRODUCT_BUNDLE_IDENTIFIER = com.orrbenyamini.GettingStarted;
				PRODUCT_NAME = "$(TARGET_NAME)";
				SWIFT_EMIT_LOC_STRINGS = YES;
				SWIFT_VERSION = 5.0;
				TARGETED_DEVICE_FAMILY = "1,2";
			};
			name = Debug;
		};
		E83256212C062DF60086BE94 /* Release */ = {
			isa = XCBuildConfiguration;
			buildSettings = {
				ASSETCATALOG_COMPILER_APPICON_NAME = AppIcon;
				ASSETCATALOG_COMPILER_GLOBAL_ACCENT_COLOR_NAME = AccentColor;
				CODE_SIGN_STYLE = Automatic;
				CURRENT_PROJECT_VERSION = 1;
				DEVELOPMENT_ASSET_PATHS = "\"GettingStarted/Preview Content\"";
				DEVELOPMENT_TEAM = WNX8AM96BD;
				ENABLE_PREVIEWS = YES;
				GENERATE_INFOPLIST_FILE = YES;
				INFOPLIST_FILE = GettingStarted/Info.plist;
				INFOPLIST_KEY_UIApplicationSceneManifest_Generation = YES;
				INFOPLIST_KEY_UIApplicationSupportsIndirectInputEvents = YES;
				INFOPLIST_KEY_UILaunchScreen_Generation = YES;
				INFOPLIST_KEY_UISupportedInterfaceOrientations_iPad = "UIInterfaceOrientationPortrait UIInterfaceOrientationPortraitUpsideDown UIInterfaceOrientationLandscapeLeft UIInterfaceOrientationLandscapeRight";
				INFOPLIST_KEY_UISupportedInterfaceOrientations_iPhone = "UIInterfaceOrientationPortrait UIInterfaceOrientationLandscapeLeft UIInterfaceOrientationLandscapeRight";
				LD_RUNPATH_SEARCH_PATHS = (
					"$(inherited)",
					"@executable_path/Frameworks",
				);
				MARKETING_VERSION = 1.0;
				PRODUCT_BUNDLE_IDENTIFIER = com.orrbenyamini.GettingStarted;
				PRODUCT_NAME = "$(TARGET_NAME)";
				SWIFT_EMIT_LOC_STRINGS = YES;
				SWIFT_VERSION = 5.0;
				TARGETED_DEVICE_FAMILY = "1,2";
			};
			name = Release;
		};
		E83256232C062DF60086BE94 /* Debug */ = {
			isa = XCBuildConfiguration;
			buildSettings = {
				ALWAYS_EMBED_SWIFT_STANDARD_LIBRARIES = YES;
				BUNDLE_LOADER = "$(TEST_HOST)";
				CODE_SIGN_STYLE = Automatic;
				CURRENT_PROJECT_VERSION = 1;
				DEVELOPMENT_TEAM = WNX8AM96BD;
				GENERATE_INFOPLIST_FILE = YES;
				IPHONEOS_DEPLOYMENT_TARGET = 17.5;
				MARKETING_VERSION = 1.0;
				PRODUCT_BUNDLE_IDENTIFIER = com.orrbenyamini.GettingStartedTests;
				PRODUCT_NAME = "$(TARGET_NAME)";
				SWIFT_EMIT_LOC_STRINGS = NO;
				SWIFT_VERSION = 5.0;
				TARGETED_DEVICE_FAMILY = "1,2";
				TEST_HOST = "$(BUILT_PRODUCTS_DIR)/GettingStarted.app/$(BUNDLE_EXECUTABLE_FOLDER_PATH)/GettingStarted";
			};
			name = Debug;
		};
		E83256242C062DF60086BE94 /* Release */ = {
			isa = XCBuildConfiguration;
			buildSettings = {
				ALWAYS_EMBED_SWIFT_STANDARD_LIBRARIES = YES;
				BUNDLE_LOADER = "$(TEST_HOST)";
				CODE_SIGN_STYLE = Automatic;
				CURRENT_PROJECT_VERSION = 1;
				DEVELOPMENT_TEAM = WNX8AM96BD;
				GENERATE_INFOPLIST_FILE = YES;
				IPHONEOS_DEPLOYMENT_TARGET = 17.5;
				MARKETING_VERSION = 1.0;
				PRODUCT_BUNDLE_IDENTIFIER = com.orrbenyamini.GettingStartedTests;
				PRODUCT_NAME = "$(TARGET_NAME)";
				SWIFT_EMIT_LOC_STRINGS = NO;
				SWIFT_VERSION = 5.0;
				TARGETED_DEVICE_FAMILY = "1,2";
				TEST_HOST = "$(BUILT_PRODUCTS_DIR)/GettingStarted.app/$(BUNDLE_EXECUTABLE_FOLDER_PATH)/GettingStarted";
			};
			name = Release;
		};
		E83256262C062DF60086BE94 /* Debug */ = {
			isa = XCBuildConfiguration;
			buildSettings = {
				ALWAYS_EMBED_SWIFT_STANDARD_LIBRARIES = YES;
				CODE_SIGN_STYLE = Automatic;
				CURRENT_PROJECT_VERSION = 1;
				DEVELOPMENT_TEAM = WNX8AM96BD;
				GENERATE_INFOPLIST_FILE = YES;
				MARKETING_VERSION = 1.0;
				PRODUCT_BUNDLE_IDENTIFIER = com.orrbenyamini.GettingStartedUITests;
				PRODUCT_NAME = "$(TARGET_NAME)";
				SWIFT_EMIT_LOC_STRINGS = NO;
				SWIFT_VERSION = 5.0;
				TARGETED_DEVICE_FAMILY = "1,2";
				TEST_TARGET_NAME = GettingStarted;
			};
			name = Debug;
		};
		E83256272C062DF60086BE94 /* Release */ = {
			isa = XCBuildConfiguration;
			buildSettings = {
				ALWAYS_EMBED_SWIFT_STANDARD_LIBRARIES = YES;
				CODE_SIGN_STYLE = Automatic;
				CURRENT_PROJECT_VERSION = 1;
				DEVELOPMENT_TEAM = WNX8AM96BD;
				GENERATE_INFOPLIST_FILE = YES;
				MARKETING_VERSION = 1.0;
				PRODUCT_BUNDLE_IDENTIFIER = com.orrbenyamini.GettingStartedUITests;
				PRODUCT_NAME = "$(TARGET_NAME)";
				SWIFT_EMIT_LOC_STRINGS = NO;
				SWIFT_VERSION = 5.0;
				TARGETED_DEVICE_FAMILY = "1,2";
				TEST_TARGET_NAME = GettingStarted;
			};
			name = Release;
		};
/* End XCBuildConfiguration section */

/* Begin XCConfigurationList section */
		E83255F62C062DF50086BE94 /* Build configuration list for PBXProject "GettingStarted" */ = {
			isa = XCConfigurationList;
			buildConfigurations = (
				E832561D2C062DF60086BE94 /* Debug */,
				E832561E2C062DF60086BE94 /* Release */,
			);
			defaultConfigurationIsVisible = 0;
			defaultConfigurationName = Release;
		};
		E832561F2C062DF60086BE94 /* Build configuration list for PBXNativeTarget "GettingStarted" */ = {
			isa = XCConfigurationList;
			buildConfigurations = (
				E83256202C062DF60086BE94 /* Debug */,
				E83256212C062DF60086BE94 /* Release */,
			);
			defaultConfigurationIsVisible = 0;
			defaultConfigurationName = Release;
		};
		E83256222C062DF60086BE94 /* Build configuration list for PBXNativeTarget "GettingStartedTests" */ = {
			isa = XCConfigurationList;
			buildConfigurations = (
				E83256232C062DF60086BE94 /* Debug */,
				E83256242C062DF60086BE94 /* Release */,
			);
			defaultConfigurationIsVisible = 0;
			defaultConfigurationName = Release;
		};
		E83256252C062DF60086BE94 /* Build configuration list for PBXNativeTarget "GettingStartedUITests" */ = {
			isa = XCConfigurationList;
			buildConfigurations = (
				E83256262C062DF60086BE94 /* Debug */,
				E83256272C062DF60086BE94 /* Release */,
			);
			defaultConfigurationIsVisible = 0;
			defaultConfigurationName = Release;
		};
/* End XCConfigurationList section */

/* Begin XCRemoteSwiftPackageReference section */
		E832562E2C0668400086BE94 /* XCRemoteSwiftPackageReference "amplify-swift" */ = {
			isa = XCRemoteSwiftPackageReference;
			repositoryURL = "https://github.com/aws-amplify/amplify-swift";
			requirement = {
				kind = upToNextMajorVersion;
				minimumVersion = 2.34.2;
			};
		};
/* End XCRemoteSwiftPackageReference section */

/* Begin XCSwiftPackageProductDependency section */
		E832562F2C0668400086BE94 /* Amplify */ = {
			isa = XCSwiftPackageProductDependency;
			package = E832562E2C0668400086BE94 /* XCRemoteSwiftPackageReference "amplify-swift" */;
			productName = Amplify;
		};
		E83256322C066D8C0086BE94 /* AWSCognitoAuthPlugin */ = {
			isa = XCSwiftPackageProductDependency;
			package = E832562E2C0668400086BE94 /* XCRemoteSwiftPackageReference "amplify-swift" */;
			productName = AWSCognitoAuthPlugin;
		};
		E83256392C0674330086BE94 /* AWSAPIPlugin */ = {
			isa = XCSwiftPackageProductDependency;
			package = E832562E2C0668400086BE94 /* XCRemoteSwiftPackageReference "amplify-swift" */;
			productName = AWSAPIPlugin;
		};
		E832563F2C0677C30086BE94 /* AWSS3StoragePlugin */ = {
			isa = XCSwiftPackageProductDependency;
			package = E832562E2C0668400086BE94 /* XCRemoteSwiftPackageReference "amplify-swift" */;
			productName = AWSS3StoragePlugin;
		};
/* End XCSwiftPackageProductDependency section */
	};
	rootObject = E83255F32C062DF50086BE94 /* Project object */;
}
